<?xml version="1.0" encoding="utf-8"?>
<Project ToolsVersion="4.0" xmlns="http://schemas.microsoft.com/developer/msbuild/2003">
  <ItemGroup>
    <Filter Include="Tiger">
      <UniqueIdentifier>{E0612A0E-4C76-52BF-15F8-F51E81CB4EF0}</UniqueIdentifier>
    </Filter>
    <Filter Include="Tiger\Events">
      <UniqueIdentifier>{C431A3B1-B094-3256-591A-6B0C455CFED8}</UniqueIdentifier>
    </Filter>
    <Filter Include="Tiger\ImGUI">
      <UniqueIdentifier>{CABAAC24-3670-251A-BF64-1FF12B191C1E}</UniqueIdentifier>
    </Filter>
    <Filter Include="Tiger\Platform">
      <UniqueIdentifier>{34BA54C3-2088-48C9-091C-B9EFF588242E}</UniqueIdentifier>
    </Filter>
    <Filter Include="Tiger\Platform\OpenGL">
      <UniqueIdentifier>{E8603BF1-54CD-F6EB-1DC1-8E4989EC1854}</UniqueIdentifier>
    </Filter>
    <Filter Include="Tiger\Platform\Windows">
      <UniqueIdentifier>{6E58C370-5A52-ECC2-43BF-82D32F58522F}</UniqueIdentifier>
    </Filter>
    <Filter Include="Tiger\Rendering">
      <UniqueIdentifier>{2D036A64-998E-D728-A29F-5A1D0EAA3329}</UniqueIdentifier>
    </Filter>
    <Filter Include="Tiger\stb_image">
      <UniqueIdentifier>{7AEA3099-E675-9E5D-EF86-21525B91FA5D}</UniqueIdentifier>
    </Filter>
  </ItemGroup>
  <ItemGroup>
    <ClInclude Include="src\Tiger.h" />
    <ClInclude Include="src\Tiger\Application.h">
      <Filter>Tiger</Filter>
    </ClInclude>
    <ClInclude Include="src\Tiger\Core.h">
      <Filter>Tiger</Filter>
    </ClInclude>
    <ClInclude Include="src\Tiger\EntryPoint.h">
      <Filter>Tiger</Filter>
    </ClInclude>
    <ClInclude Include="src\Tiger\Events\AppEvent.h">
      <Filter>Tiger\Events</Filter>
    </ClInclude>
    <ClInclude Include="src\Tiger\Events\Event.h">
      <Filter>Tiger\Events</Filter>
    </ClInclude>
    <ClInclude Include="src\Tiger\Events\KeyEvent.h">
      <Filter>Tiger\Events</Filter>
    </ClInclude>
    <ClInclude Include="src\Tiger\Events\MouseEvent.h">
      <Filter>Tiger\Events</Filter>
    </ClInclude>
    <ClInclude Include="src\Tiger\ImGUI\GUILayer.h">
      <Filter>Tiger\ImGUI</Filter>
    </ClInclude>
    <ClInclude Include="src\Tiger\Input.h">
      <Filter>Tiger</Filter>
    </ClInclude>
    <ClInclude Include="src\Tiger\Layer.h">
      <Filter>Tiger</Filter>
    </ClInclude>
    <ClInclude Include="src\Tiger\LayerStack.h">
      <Filter>Tiger</Filter>
    </ClInclude>
    <ClInclude Include="src\Tiger\Log.h">
      <Filter>Tiger</Filter>
    </ClInclude>
    <ClInclude Include="src\Tiger\Platform\OpenGL\GLBuffer.h">
      <Filter>Tiger\Platform\OpenGL</Filter>
    </ClInclude>
    <ClInclude Include="src\Tiger\Platform\OpenGL\GLContext.h">
      <Filter>Tiger\Platform\OpenGL</Filter>
    </ClInclude>
    <ClInclude Include="src\Tiger\Platform\OpenGL\GLRenderAPI.h">
      <Filter>Tiger\Platform\OpenGL</Filter>
    </ClInclude>
    <ClInclude Include="src\Tiger\Platform\OpenGL\GLShader.h">
      <Filter>Tiger\Platform\OpenGL</Filter>
    </ClInclude>
    <ClInclude Include="src\Tiger\Platform\OpenGL\GLTexture.h">
      <Filter>Tiger\Platform\OpenGL</Filter>
    </ClInclude>
    <ClInclude Include="src\Tiger\Platform\OpenGL\GLVertexArray.h">
      <Filter>Tiger\Platform\OpenGL</Filter>
    </ClInclude>
    <ClInclude Include="src\Tiger\Platform\Windows\WinInput.h">
      <Filter>Tiger\Platform\Windows</Filter>
    </ClInclude>
    <ClInclude Include="src\Tiger\Platform\Windows\WinWindow.h">
      <Filter>Tiger\Platform\Windows</Filter>
    </ClInclude>
    <ClInclude Include="src\Tiger\Rendering\Buffer.h">
      <Filter>Tiger\Rendering</Filter>
    </ClInclude>
    <ClInclude Include="src\Tiger\Rendering\GraphicsContext.h">
      <Filter>Tiger\Rendering</Filter>
    </ClInclude>
    <ClInclude Include="src\Tiger\Rendering\RenderAPI.h">
      <Filter>Tiger\Rendering</Filter>
    </ClInclude>
    <ClInclude Include="src\Tiger\Rendering\Renderer.h">
      <Filter>Tiger\Rendering</Filter>
    </ClInclude>
    <ClInclude Include="src\Tiger\Rendering\Shader.h">
      <Filter>Tiger\Rendering</Filter>
    </ClInclude>
    <ClInclude Include="src\Tiger\Rendering\Texture.h">
      <Filter>Tiger\Rendering</Filter>
    </ClInclude>
    <ClInclude Include="src\Tiger\Rendering\VertexArray.h">
      <Filter>Tiger\Rendering</Filter>
    </ClInclude>
    <ClInclude Include="src\Tiger\Window.h">
      <Filter>Tiger</Filter>
    </ClInclude>
    <ClInclude Include="src\tgpch.h" />
    <ClInclude Include="src\Tiger\Rendering\Camera.h" />
  </ItemGroup>
  <ItemGroup>
    <ClCompile Include="src\Tiger\Application.cpp">
      <Filter>Tiger</Filter>
    </ClCompile>
    <ClCompile Include="src\Tiger\ImGUI\GUILayer.cpp">
      <Filter>Tiger\ImGUI</Filter>
    </ClCompile>
    <ClCompile Include="src\Tiger\ImGUI\ImGUIBuild.cpp">
      <Filter>Tiger\ImGUI</Filter>
    </ClCompile>
    <ClCompile Include="src\Tiger\Input.cpp">
      <Filter>Tiger</Filter>
    </ClCompile>
    <ClCompile Include="src\Tiger\LayerStack.cpp">
      <Filter>Tiger</Filter>
    </ClCompile>
    <ClCompile Include="src\Tiger\Log.cpp">
      <Filter>Tiger</Filter>
    </ClCompile>
    <ClCompile Include="src\Tiger\Platform\OpenGL\GLBuffer.cpp">
      <Filter>Tiger\Platform\OpenGL</Filter>
    </ClCompile>
    <ClCompile Include="src\Tiger\Platform\OpenGL\GLContext.cpp">
      <Filter>Tiger\Platform\OpenGL</Filter>
    </ClCompile>
    <ClCompile Include="src\Tiger\Platform\OpenGL\GLRenderAPI.cpp">
      <Filter>Tiger\Platform\OpenGL</Filter>
    </ClCompile>
    <ClCompile Include="src\Tiger\Platform\OpenGL\GLShader.cpp">
      <Filter>Tiger\Platform\OpenGL</Filter>
    </ClCompile>
    <ClCompile Include="src\Tiger\Platform\OpenGL\GLTexture.cpp">
      <Filter>Tiger\Platform\OpenGL</Filter>
    </ClCompile>
    <ClCompile Include="src\Tiger\Platform\OpenGL\GLVertexArray.cpp">
      <Filter>Tiger\Platform\OpenGL</Filter>
    </ClCompile>
    <ClCompile Include="src\Tiger\Platform\Windows\WinInput.cpp">
      <Filter>Tiger\Platform\Windows</Filter>
    </ClCompile>
    <ClCompile Include="src\Tiger\Platform\Windows\WinWindow.cpp">
      <Filter>Tiger\Platform\Windows</Filter>
    </ClCompile>
    <ClCompile Include="src\Tiger\Rendering\Buffer.cpp">
      <Filter>Tiger\Rendering</Filter>
    </ClCompile>
    <ClCompile Include="src\Tiger\Rendering\GraphicsContext.cpp">
      <Filter>Tiger\Rendering</Filter>
    </ClCompile>
    <ClCompile Include="src\Tiger\Rendering\RenderAPI.cpp">
      <Filter>Tiger\Rendering</Filter>
    </ClCompile>
    <ClCompile Include="src\Tiger\Rendering\Renderer.cpp">
      <Filter>Tiger\Rendering</Filter>
    </ClCompile>
    <ClCompile Include="src\Tiger\Rendering\Shader.cpp">
      <Filter>Tiger\Rendering</Filter>
    </ClCompile>
    <ClCompile Include="src\Tiger\Rendering\Texture.cpp">
      <Filter>Tiger\Rendering</Filter>
    </ClCompile>
    <ClCompile Include="src\Tiger\Rendering\VertexArray.cpp">
      <Filter>Tiger\Rendering</Filter>
    </ClCompile>
    <ClCompile Include="src\Tiger\Window.cpp">
      <Filter>Tiger</Filter>
    </ClCompile>
    <ClCompile Include="src\Tiger\stb_image\stb_image.cpp">
      <Filter>Tiger\stb_image</Filter>
    </ClCompile>
    <ClCompile Include="src\tgpch.cpp" />
    <ClCompile Include="src\Tiger\Rendering\Camera.cpp" />
  </ItemGroup>
</Project>