<?xml version="1.0" encoding="utf-8"?>
<Project ToolsVersion="4.0" xmlns="http://schemas.microsoft.com/developer/msbuild/2003">
  <ItemGroup>
    <Filter Include="Tiger">
      <UniqueIdentifier>{E0612A0E-4C76-52BF-15F8-F51E81CB4EF0}</UniqueIdentifier>
    </Filter>
    <Filter Include="Tiger\Events">
      <UniqueIdentifier>{C431A3B1-B094-3256-591A-6B0C455CFED8}</UniqueIdentifier>
    </Filter>
  </ItemGroup>
  <ItemGroup>
    <ClInclude Include="src\Tiger.h" />
    <ClInclude Include="src\Tiger\Application.h">
      <Filter>Tiger</Filter>
    </ClInclude>
    <ClInclude Include="src\Tiger\Core.h">
      <Filter>Tiger</Filter>
    </ClInclude>
    <ClInclude Include="src\Tiger\EntryPoint.h">
      <Filter>Tiger</Filter>
    </ClInclude>
    <ClInclude Include="src\Tiger\Events\AppEvent.h">
      <Filter>Tiger\Events</Filter>
    </ClInclude>
    <ClInclude Include="src\Tiger\Events\Event.h">
      <Filter>Tiger\Events</Filter>
    </ClInclude>
    <ClInclude Include="src\Tiger\Events\KeyEvent.h">
      <Filter>Tiger\Events</Filter>
    </ClInclude>
    <ClInclude Include="src\Tiger\Events\MouseEvent.h">
      <Filter>Tiger\Events</Filter>
    </ClInclude>
    <ClInclude Include="src\Tiger\Log.h">
      <Filter>Tiger</Filter>
    </ClInclude>
    <ClInclude Include="src\tgpch.h" />
    <ClInclude Include="src\Tiger\Window.h" />
    <ClInclude Include="src\Tiger\Platform\Windows\WinWindow.h" />
  </ItemGroup>
  <ItemGroup>
    <ClCompile Include="src\Tiger\Application.cpp">
      <Filter>Tiger</Filter>
    </ClCompile>
    <ClCompile Include="src\Tiger\Log.cpp">
      <Filter>Tiger</Filter>
    </ClCompile>
    <ClCompile Include="src\tgpch.cpp" />
    <ClCompile Include="src\Tiger\Window.cpp" />
    <ClCompile Include="src\Tiger\Platform\Windows\WinWindow.cpp" />
  </ItemGroup>
</Project>