<?xml version="1.0" encoding="utf-8"?>
<Project ToolsVersion="4.0" xmlns="http://schemas.microsoft.com/developer/msbuild/2003">
  <ItemGroup>
    <Filter Include="Tiger">
      <UniqueIdentifier>{E0612A0E-4C76-52BF-15F8-F51E81CB4EF0}</UniqueIdentifier>
    </Filter>
  </ItemGroup>
  <ItemGroup>
    <ClInclude Include="src\Tiger.h" />
    <ClInclude Include="src\Tiger\Application.h">
      <Filter>Tiger</Filter>
    </ClInclude>
    <ClInclude Include="src\Tiger\Core.h">
      <Filter>Tiger</Filter>
    </ClInclude>
    <ClInclude Include="src\Tiger\EntryPoint.h">
      <Filter>Tiger</Filter>
    </ClInclude>
    <ClInclude Include="src\Tiger\Log.h">
      <Filter>Tiger</Filter>
    </ClInclude>
  </ItemGroup>
  <ItemGroup>
    <ClCompile Include="src\Tiger\Application.cpp">
      <Filter>Tiger</Filter>
    </ClCompile>
    <ClCompile Include="src\Tiger\Log.cpp">
      <Filter>Tiger</Filter>
    </ClCompile>
  </ItemGroup>
</Project>